// !$*UTF8*$!
{
	archiveVersion = 1;
	classes = {
	};
	objectVersion = 56;
	objects = {

/* Begin PBXBuildFile section */
		FEEABF1A2C6002E80089CB35 /* AppDelegate.swift in Sources */ = {isa = PBXBuildFile; fileRef = FEEABF192C6002E80089CB35 /* AppDelegate.swift */; };
		FEEABF1C2C6002E80089CB35 /* SceneDelegate.swift in Sources */ = {isa = PBXBuildFile; fileRef = FEEABF1B2C6002E80089CB35 /* SceneDelegate.swift */; };
		FEEABF212C6002E80089CB35 /* Base in Resources */ = {isa = PBXBuildFile; fileRef = FEEABF202C6002E80089CB35 /* Base */; };
		FEEABF232C6002EA0089CB35 /* Assets.xcassets in Resources */ = {isa = PBXBuildFile; fileRef = FEEABF222C6002EA0089CB35 /* Assets.xcassets */; };
		FEEABF262C6002EA0089CB35 /* Base in Resources */ = {isa = PBXBuildFile; fileRef = FEEABF252C6002EA0089CB35 /* Base */; };
		FEEABF2F2C60031F0089CB35 /* IQKeyboardManagerSwift in Frameworks */ = {isa = PBXBuildFile; productRef = FEEABF2E2C60031F0089CB35 /* IQKeyboardManagerSwift */; };
		FEEABF3F2C6004020089CB35 /* Poppins-Medium.ttf in Resources */ = {isa = PBXBuildFile; fileRef = FEEABF3B2C6004020089CB35 /* Poppins-Medium.ttf */; };
		FEEABF402C6004020089CB35 /* Poppins-Regular.ttf in Resources */ = {isa = PBXBuildFile; fileRef = FEEABF3C2C6004020089CB35 /* Poppins-Regular.ttf */; };
		FEEABF412C6004020089CB35 /* Poppins-Bold.ttf in Resources */ = {isa = PBXBuildFile; fileRef = FEEABF3D2C6004020089CB35 /* Poppins-Bold.ttf */; };
		FEEABF422C6004020089CB35 /* Poppins-SemiBold.ttf in Resources */ = {isa = PBXBuildFile; fileRef = FEEABF3E2C6004020089CB35 /* Poppins-SemiBold.ttf */; };
		FF55DE742C61EDBE0062EE9E /* OnBoarding.storyboard in Resources */ = {isa = PBXBuildFile; fileRef = FF55DE732C61EDBE0062EE9E /* OnBoarding.storyboard */; };
		FF55DE772C61EDE40062EE9E /* OnboardingCell.swift in Sources */ = {isa = PBXBuildFile; fileRef = FF55DE752C61EDE40062EE9E /* OnboardingCell.swift */; };
		FF55DE782C61EDE40062EE9E /* OnboardingCell.xib in Resources */ = {isa = PBXBuildFile; fileRef = FF55DE762C61EDE40062EE9E /* OnboardingCell.xib */; };
		FF55DE7B2C61EE090062EE9E /* OnboardingPage.swift in Sources */ = {isa = PBXBuildFile; fileRef = FF55DE792C61EE090062EE9E /* OnboardingPage.swift */; };
		FF55DE7F2C61EE740062EE9E /* OnboardingVC.swift in Sources */ = {isa = PBXBuildFile; fileRef = FF55DE7D2C61EE740062EE9E /* OnboardingVC.swift */; };
		FF6515882C62692C0030805C /* RootNC.swift in Sources */ = {isa = PBXBuildFile; fileRef = FF6515872C62692C0030805C /* RootNC.swift */; };
/* End PBXBuildFile section */

/* Begin PBXFileReference section */
		FEEABF162C6002E80089CB35 /* Coffee.app */ = {isa = PBXFileReference; explicitFileType = wrapper.application; includeInIndex = 0; path = Coffee.app; sourceTree = BUILT_PRODUCTS_DIR; };
		FEEABF192C6002E80089CB35 /* AppDelegate.swift */ = {isa = PBXFileReference; lastKnownFileType = sourcecode.swift; path = AppDelegate.swift; sourceTree = "<group>"; };
		FEEABF1B2C6002E80089CB35 /* SceneDelegate.swift */ = {isa = PBXFileReference; lastKnownFileType = sourcecode.swift; path = SceneDelegate.swift; sourceTree = "<group>"; };
		FEEABF202C6002E80089CB35 /* Base */ = {isa = PBXFileReference; lastKnownFileType = file.storyboard; name = Base; path = Base.lproj/Main.storyboard; sourceTree = "<group>"; };
		FEEABF222C6002EA0089CB35 /* Assets.xcassets */ = {isa = PBXFileReference; lastKnownFileType = folder.assetcatalog; path = Assets.xcassets; sourceTree = "<group>"; };
		FEEABF252C6002EA0089CB35 /* Base */ = {isa = PBXFileReference; lastKnownFileType = file.storyboard; name = Base; path = Base.lproj/LaunchScreen.storyboard; sourceTree = "<group>"; };
		FEEABF272C6002EA0089CB35 /* Info.plist */ = {isa = PBXFileReference; lastKnownFileType = text.plist.xml; path = Info.plist; sourceTree = "<group>"; };
		FEEABF3B2C6004020089CB35 /* Poppins-Medium.ttf */ = {isa = PBXFileReference; lastKnownFileType = file; path = "Poppins-Medium.ttf"; sourceTree = "<group>"; };
		FEEABF3C2C6004020089CB35 /* Poppins-Regular.ttf */ = {isa = PBXFileReference; lastKnownFileType = file; path = "Poppins-Regular.ttf"; sourceTree = "<group>"; };
		FEEABF3D2C6004020089CB35 /* Poppins-Bold.ttf */ = {isa = PBXFileReference; lastKnownFileType = file; path = "Poppins-Bold.ttf"; sourceTree = "<group>"; };
		FEEABF3E2C6004020089CB35 /* Poppins-SemiBold.ttf */ = {isa = PBXFileReference; lastKnownFileType = file; path = "Poppins-SemiBold.ttf"; sourceTree = "<group>"; };
		FF55DE732C61EDBE0062EE9E /* OnBoarding.storyboard */ = {isa = PBXFileReference; fileEncoding = 4; lastKnownFileType = file.storyboard; name = OnBoarding.storyboard; path = ../../../../../../Downloads/Coffee/Coffee/Storyboards/OnBoarding/OnBoarding.storyboard; sourceTree = "<group>"; };
		FF55DE752C61EDE40062EE9E /* OnboardingCell.swift */ = {isa = PBXFileReference; fileEncoding = 4; lastKnownFileType = sourcecode.swift; name = OnboardingCell.swift; path = ../../../../../../Downloads/Coffee/Coffee/Views/Cell/OnboardingCell.swift; sourceTree = "<group>"; };
		FF55DE762C61EDE40062EE9E /* OnboardingCell.xib */ = {isa = PBXFileReference; fileEncoding = 4; lastKnownFileType = file.xib; name = OnboardingCell.xib; path = ../../../../../../Downloads/Coffee/Coffee/Views/Cell/OnboardingCell.xib; sourceTree = "<group>"; };
		FF55DE792C61EE090062EE9E /* OnboardingPage.swift */ = {isa = PBXFileReference; fileEncoding = 4; lastKnownFileType = sourcecode.swift; path = OnboardingPage.swift; sourceTree = "<group>"; };
		FF55DE7D2C61EE740062EE9E /* OnboardingVC.swift */ = {isa = PBXFileReference; fileEncoding = 4; lastKnownFileType = sourcecode.swift; path = OnboardingVC.swift; sourceTree = "<group>"; };
		FF6515872C62692C0030805C /* RootNC.swift */ = {isa = PBXFileReference; lastKnownFileType = sourcecode.swift; path = RootNC.swift; sourceTree = "<group>"; };
/* End PBXFileReference section */

/* Begin PBXFrameworksBuildPhase section */
		FEEABF132C6002E80089CB35 /* Frameworks */ = {
			isa = PBXFrameworksBuildPhase;
			buildActionMask = 2147483647;
			files = (
				FEEABF2F2C60031F0089CB35 /* IQKeyboardManagerSwift in Frameworks */,
			);
			runOnlyForDeploymentPostprocessing = 0;
		};
/* End PBXFrameworksBuildPhase section */

/* Begin PBXGroup section */
		FEEABF0D2C6002E80089CB35 = {
			isa = PBXGroup;
			children = (
				FEEABF182C6002E80089CB35 /* Coffee */,
				FEEABF172C6002E80089CB35 /* Products */,
			);
			sourceTree = "<group>";
		};
		FEEABF172C6002E80089CB35 /* Products */ = {
			isa = PBXGroup;
			children = (
				FEEABF162C6002E80089CB35 /* Coffee.app */,
			);
			name = Products;
			sourceTree = "<group>";
		};
		FEEABF182C6002E80089CB35 /* Coffee */ = {
			isa = PBXGroup;
			children = (
				FF6515862C6269140030805C /* Navigation */,
				FEEABF392C60039B0089CB35 /* Constants */,
				FEEABF382C6003930089CB35 /* Extensions */,
				FEEABF372C60038B0089CB35 /* Utils */,
				FEEABF342C6003710089CB35 /* Data */,
				FEEABF332C6003620089CB35 /* Views */,
				FEEABF322C6003500089CB35 /* Storyboards */,
				FEEABF312C60033D0089CB35 /* Application */,
				FEEABF302C6003270089CB35 /* Resources */,
				FEEABF272C6002EA0089CB35 /* Info.plist */,
			);
			path = Coffee;
			sourceTree = "<group>";
		};
		FEEABF302C6003270089CB35 /* Resources */ = {
			isa = PBXGroup;
			children = (
				FEEABF3A2C6003D60089CB35 /* Fonts */,
				FEEABF222C6002EA0089CB35 /* Assets.xcassets */,
			);
			path = Resources;
			sourceTree = "<group>";
		};
		FEEABF312C60033D0089CB35 /* Application */ = {
			isa = PBXGroup;
			children = (
				FEEABF192C6002E80089CB35 /* AppDelegate.swift */,
				FEEABF1B2C6002E80089CB35 /* SceneDelegate.swift */,
			);
			path = Application;
			sourceTree = "<group>";
		};
		FEEABF322C6003500089CB35 /* Storyboards */ = {
			isa = PBXGroup;
			children = (
				FFA912CE2C6100A700D8F7C7 /* OnBoarding */,
				FEEABF1F2C6002E80089CB35 /* Main.storyboard */,
				FEEABF242C6002EA0089CB35 /* LaunchScreen.storyboard */,
			);
			path = Storyboards;
			sourceTree = "<group>";
		};
		FEEABF332C6003620089CB35 /* Views */ = {
			isa = PBXGroup;
			children = (
				FF55DE7E2C61EE740062EE9E /* Onboarding */,
				FFED93A62C610F9700CA13D8 /* Cell */,
			);
			path = Views;
			sourceTree = "<group>";
		};
		FEEABF342C6003710089CB35 /* Data */ = {
			isa = PBXGroup;
			children = (
				FEEABF362C6003810089CB35 /* Network */,
				FEEABF352C60037A0089CB35 /* Models */,
			);
			path = Data;
			sourceTree = "<group>";
		};
		FEEABF352C60037A0089CB35 /* Models */ = {
			isa = PBXGroup;
			children = (
				FF55DE7A2C61EE090062EE9E /* Onboarding */,
			);
			path = Models;
			sourceTree = "<group>";
		};
		FEEABF362C6003810089CB35 /* Network */ = {
			isa = PBXGroup;
			children = (
			);
			path = Network;
			sourceTree = "<group>";
		};
		FEEABF372C60038B0089CB35 /* Utils */ = {
			isa = PBXGroup;
			children = (
			);
			path = Utils;
			sourceTree = "<group>";
		};
		FEEABF382C6003930089CB35 /* Extensions */ = {
			isa = PBXGroup;
			children = (
			);
			path = Extensions;
			sourceTree = "<group>";
		};
		FEEABF392C60039B0089CB35 /* Constants */ = {
			isa = PBXGroup;
			children = (
			);
			path = Constants;
			sourceTree = "<group>";
		};
		FEEABF3A2C6003D60089CB35 /* Fonts */ = {
			isa = PBXGroup;
			children = (
				FEEABF3D2C6004020089CB35 /* Poppins-Bold.ttf */,
				FEEABF3B2C6004020089CB35 /* Poppins-Medium.ttf */,
				FEEABF3C2C6004020089CB35 /* Poppins-Regular.ttf */,
				FEEABF3E2C6004020089CB35 /* Poppins-SemiBold.ttf */,
			);
			path = Fonts;
			sourceTree = "<group>";
		};
		FF55DE7A2C61EE090062EE9E /* Onboarding */ = {
			isa = PBXGroup;
			children = (
				FF55DE792C61EE090062EE9E /* OnboardingPage.swift */,
			);
			name = Onboarding;
			path = Models/Onboarding;
			sourceTree = SOURCE_ROOT;
		};
		FF55DE7E2C61EE740062EE9E /* Onboarding */ = {
			isa = PBXGroup;
			children = (
				FF55DE7D2C61EE740062EE9E /* OnboardingVC.swift */,
			);
			path = Onboarding;
			sourceTree = "<group>";
		};
		FF6515862C6269140030805C /* Navigation */ = {
			isa = PBXGroup;
			children = (
				FF6515872C62692C0030805C /* RootNC.swift */,
			);
			path = Navigation;
			sourceTree = "<group>";
		};
		FFA912CE2C6100A700D8F7C7 /* OnBoarding */ = {
			isa = PBXGroup;
			children = (
				FF55DE732C61EDBE0062EE9E /* OnBoarding.storyboard */,
			);
			path = OnBoarding;
			sourceTree = "<group>";
		};
		FFED93A62C610F9700CA13D8 /* Cell */ = {
			isa = PBXGroup;
			children = (
				FF55DE752C61EDE40062EE9E /* OnboardingCell.swift */,
				FF55DE762C61EDE40062EE9E /* OnboardingCell.xib */,
			);
			path = Cell;
			sourceTree = "<group>";
		};
/* End PBXGroup section */

/* Begin PBXNativeTarget section */
		FEEABF152C6002E80089CB35 /* Coffee */ = {
			isa = PBXNativeTarget;
			buildConfigurationList = FEEABF2A2C6002EA0089CB35 /* Build configuration list for PBXNativeTarget "Coffee" */;
			buildPhases = (
				FEEABF122C6002E80089CB35 /* Sources */,
				FEEABF132C6002E80089CB35 /* Frameworks */,
				FEEABF142C6002E80089CB35 /* Resources */,
			);
			buildRules = (
			);
			dependencies = (
			);
			name = Coffee;
			packageProductDependencies = (
				FEEABF2E2C60031F0089CB35 /* IQKeyboardManagerSwift */,
			);
			productName = Coffee;
			productReference = FEEABF162C6002E80089CB35 /* Coffee.app */;
			productType = "com.apple.product-type.application";
		};
/* End PBXNativeTarget section */

/* Begin PBXProject section */
		FEEABF0E2C6002E80089CB35 /* Project object */ = {
			isa = PBXProject;
			attributes = {
				BuildIndependentTargetsInParallel = 1;
				LastSwiftUpdateCheck = 1540;
				LastUpgradeCheck = 1540;
				TargetAttributes = {
					FEEABF152C6002E80089CB35 = {
						CreatedOnToolsVersion = 15.4;
					};
				};
			};
			buildConfigurationList = FEEABF112C6002E80089CB35 /* Build configuration list for PBXProject "Coffee" */;
			compatibilityVersion = "Xcode 14.0";
			developmentRegion = en;
			hasScannedForEncodings = 0;
			knownRegions = (
				en,
				Base,
			);
			mainGroup = FEEABF0D2C6002E80089CB35;
			packageReferences = (
				FEEABF2D2C60031F0089CB35 /* XCRemoteSwiftPackageReference "IQKeyboardManager" */,
			);
			productRefGroup = FEEABF172C6002E80089CB35 /* Products */;
			projectDirPath = "";
			projectRoot = "";
			targets = (
				FEEABF152C6002E80089CB35 /* Coffee */,
			);
		};
/* End PBXProject section */

/* Begin PBXResourcesBuildPhase section */
		FEEABF142C6002E80089CB35 /* Resources */ = {
			isa = PBXResourcesBuildPhase;
			buildActionMask = 2147483647;
			files = (
				FEEABF232C6002EA0089CB35 /* Assets.xcassets in Resources */,
				FEEABF422C6004020089CB35 /* Poppins-SemiBold.ttf in Resources */,
				FEEABF412C6004020089CB35 /* Poppins-Bold.ttf in Resources */,
				FEEABF3F2C6004020089CB35 /* Poppins-Medium.ttf in Resources */,
				FEEABF262C6002EA0089CB35 /* Base in Resources */,
				FEEABF212C6002E80089CB35 /* Base in Resources */,
				FEEABF402C6004020089CB35 /* Poppins-Regular.ttf in Resources */,
				FF55DE782C61EDE40062EE9E /* OnboardingCell.xib in Resources */,
				FF55DE742C61EDBE0062EE9E /* OnBoarding.storyboard in Resources */,
			);
			runOnlyForDeploymentPostprocessing = 0;
		};
/* End PBXResourcesBuildPhase section */

/* Begin PBXSourcesBuildPhase section */
		FEEABF122C6002E80089CB35 /* Sources */ = {
			isa = PBXSourcesBuildPhase;
			buildActionMask = 2147483647;
			files = (
				FF6515882C62692C0030805C /* RootNC.swift in Sources */,
				FF55DE772C61EDE40062EE9E /* OnboardingCell.swift in Sources */,
				FEEABF1A2C6002E80089CB35 /* AppDelegate.swift in Sources */,
				FEEABF1C2C6002E80089CB35 /* SceneDelegate.swift in Sources */,
				FF55DE7B2C61EE090062EE9E /* OnboardingPage.swift in Sources */,
				FF55DE7F2C61EE740062EE9E /* OnboardingVC.swift in Sources */,
			);
			runOnlyForDeploymentPostprocessing = 0;
		};
/* End PBXSourcesBuildPhase section */

/* Begin PBXVariantGroup section */
		FEEABF1F2C6002E80089CB35 /* Main.storyboard */ = {
			isa = PBXVariantGroup;
			children = (
				FEEABF202C6002E80089CB35 /* Base */,
			);
			name = Main.storyboard;
			sourceTree = "<group>";
		};
		FEEABF242C6002EA0089CB35 /* LaunchScreen.storyboard */ = {
			isa = PBXVariantGroup;
			children = (
				FEEABF252C6002EA0089CB35 /* Base */,
			);
			name = LaunchScreen.storyboard;
			sourceTree = "<group>";
		};
/* End PBXVariantGroup section */

/* Begin XCBuildConfiguration section */
		FEEABF282C6002EA0089CB35 /* Debug */ = {
			isa = XCBuildConfiguration;
			buildSettings = {
				ALWAYS_SEARCH_USER_PATHS = NO;
				ASSETCATALOG_COMPILER_GENERATE_SWIFT_ASSET_SYMBOL_EXTENSIONS = YES;
				CLANG_ANALYZER_NONNULL = YES;
				CLANG_ANALYZER_NUMBER_OBJECT_CONVERSION = YES_AGGRESSIVE;
				CLANG_CXX_LANGUAGE_STANDARD = "gnu++20";
				CLANG_ENABLE_MODULES = YES;
				CLANG_ENABLE_OBJC_ARC = YES;
				CLANG_ENABLE_OBJC_WEAK = YES;
				CLANG_WARN_BLOCK_CAPTURE_AUTORELEASING = YES;
				CLANG_WARN_BOOL_CONVERSION = YES;
				CLANG_WARN_COMMA = YES;
				CLANG_WARN_CONSTANT_CONVERSION = YES;
				CLANG_WARN_DEPRECATED_OBJC_IMPLEMENTATIONS = YES;
				CLANG_WARN_DIRECT_OBJC_ISA_USAGE = YES_ERROR;
				CLANG_WARN_DOCUMENTATION_COMMENTS = YES;
				CLANG_WARN_EMPTY_BODY = YES;
				CLANG_WARN_ENUM_CONVERSION = YES;
				CLANG_WARN_INFINITE_RECURSION = YES;
				CLANG_WARN_INT_CONVERSION = YES;
				CLANG_WARN_NON_LITERAL_NULL_CONVERSION = YES;
				CLANG_WARN_OBJC_IMPLICIT_RETAIN_SELF = YES;
				CLANG_WARN_OBJC_LITERAL_CONVERSION = YES;
				CLANG_WARN_OBJC_ROOT_CLASS = YES_ERROR;
				CLANG_WARN_QUOTED_INCLUDE_IN_FRAMEWORK_HEADER = YES;
				CLANG_WARN_RANGE_LOOP_ANALYSIS = YES;
				CLANG_WARN_STRICT_PROTOTYPES = YES;
				CLANG_WARN_SUSPICIOUS_MOVE = YES;
				CLANG_WARN_UNGUARDED_AVAILABILITY = YES_AGGRESSIVE;
				CLANG_WARN_UNREACHABLE_CODE = YES;
				CLANG_WARN__DUPLICATE_METHOD_MATCH = YES;
				COPY_PHASE_STRIP = NO;
				DEBUG_INFORMATION_FORMAT = dwarf;
				ENABLE_STRICT_OBJC_MSGSEND = YES;
				ENABLE_TESTABILITY = YES;
				ENABLE_USER_SCRIPT_SANDBOXING = YES;
				GCC_C_LANGUAGE_STANDARD = gnu17;
				GCC_DYNAMIC_NO_PIC = NO;
				GCC_NO_COMMON_BLOCKS = YES;
				GCC_OPTIMIZATION_LEVEL = 0;
				GCC_PREPROCESSOR_DEFINITIONS = (
					"DEBUG=1",
					"$(inherited)",
				);
				GCC_WARN_64_TO_32_BIT_CONVERSION = YES;
				GCC_WARN_ABOUT_RETURN_TYPE = YES_ERROR;
				GCC_WARN_UNDECLARED_SELECTOR = YES;
				GCC_WARN_UNINITIALIZED_AUTOS = YES_AGGRESSIVE;
				GCC_WARN_UNUSED_FUNCTION = YES;
				GCC_WARN_UNUSED_VARIABLE = YES;
				IPHONEOS_DEPLOYMENT_TARGET = 17.5;
				LOCALIZATION_PREFERS_STRING_CATALOGS = YES;
				MTL_ENABLE_DEBUG_INFO = INCLUDE_SOURCE;
				MTL_FAST_MATH = YES;
				ONLY_ACTIVE_ARCH = YES;
				SDKROOT = iphoneos;
				SWIFT_ACTIVE_COMPILATION_CONDITIONS = "DEBUG $(inherited)";
				SWIFT_OPTIMIZATION_LEVEL = "-Onone";
			};
			name = Debug;
		};
		FEEABF292C6002EA0089CB35 /* Release */ = {
			isa = XCBuildConfiguration;
			buildSettings = {
				ALWAYS_SEARCH_USER_PATHS = NO;
				ASSETCATALOG_COMPILER_GENERATE_SWIFT_ASSET_SYMBOL_EXTENSIONS = YES;
				CLANG_ANALYZER_NONNULL = YES;
				CLANG_ANALYZER_NUMBER_OBJECT_CONVERSION = YES_AGGRESSIVE;
				CLANG_CXX_LANGUAGE_STANDARD = "gnu++20";
				CLANG_ENABLE_MODULES = YES;
				CLANG_ENABLE_OBJC_ARC = YES;
				CLANG_ENABLE_OBJC_WEAK = YES;
				CLANG_WARN_BLOCK_CAPTURE_AUTORELEASING = YES;
				CLANG_WARN_BOOL_CONVERSION = YES;
				CLANG_WARN_COMMA = YES;
				CLANG_WARN_CONSTANT_CONVERSION = YES;
				CLANG_WARN_DEPRECATED_OBJC_IMPLEMENTATIONS = YES;
				CLANG_WARN_DIRECT_OBJC_ISA_USAGE = YES_ERROR;
				CLANG_WARN_DOCUMENTATION_COMMENTS = YES;
				CLANG_WARN_EMPTY_BODY = YES;
				CLANG_WARN_ENUM_CONVERSION = YES;
				CLANG_WARN_INFINITE_RECURSION = YES;
				CLANG_WARN_INT_CONVERSION = YES;
				CLANG_WARN_NON_LITERAL_NULL_CONVERSION = YES;
				CLANG_WARN_OBJC_IMPLICIT_RETAIN_SELF = YES;
				CLANG_WARN_OBJC_LITERAL_CONVERSION = YES;
				CLANG_WARN_OBJC_ROOT_CLASS = YES_ERROR;
				CLANG_WARN_QUOTED_INCLUDE_IN_FRAMEWORK_HEADER = YES;
				CLANG_WARN_RANGE_LOOP_ANALYSIS = YES;
				CLANG_WARN_STRICT_PROTOTYPES = YES;
				CLANG_WARN_SUSPICIOUS_MOVE = YES;
				CLANG_WARN_UNGUARDED_AVAILABILITY = YES_AGGRESSIVE;
				CLANG_WARN_UNREACHABLE_CODE = YES;
				CLANG_WARN__DUPLICATE_METHOD_MATCH = YES;
				COPY_PHASE_STRIP = NO;
				DEBUG_INFORMATION_FORMAT = "dwarf-with-dsym";
				ENABLE_NS_ASSERTIONS = NO;
				ENABLE_STRICT_OBJC_MSGSEND = YES;
				ENABLE_USER_SCRIPT_SANDBOXING = YES;
				GCC_C_LANGUAGE_STANDARD = gnu17;
				GCC_NO_COMMON_BLOCKS = YES;
				GCC_WARN_64_TO_32_BIT_CONVERSION = YES;
				GCC_WARN_ABOUT_RETURN_TYPE = YES_ERROR;
				GCC_WARN_UNDECLARED_SELECTOR = YES;
				GCC_WARN_UNINITIALIZED_AUTOS = YES_AGGRESSIVE;
				GCC_WARN_UNUSED_FUNCTION = YES;
				GCC_WARN_UNUSED_VARIABLE = YES;
				IPHONEOS_DEPLOYMENT_TARGET = 17.5;
				LOCALIZATION_PREFERS_STRING_CATALOGS = YES;
				MTL_ENABLE_DEBUG_INFO = NO;
				MTL_FAST_MATH = YES;
				SDKROOT = iphoneos;
				SWIFT_COMPILATION_MODE = wholemodule;
				VALIDATE_PRODUCT = YES;
			};
			name = Release;
		};
		FEEABF2B2C6002EA0089CB35 /* Debug */ = {
			isa = XCBuildConfiguration;
			buildSettings = {
				ASSETCATALOG_COMPILER_APPICON_NAME = AppIcon;
				ASSETCATALOG_COMPILER_GLOBAL_ACCENT_COLOR_NAME = AccentColor;
				CODE_SIGN_STYLE = Automatic;
				CURRENT_PROJECT_VERSION = 1;
				GENERATE_INFOPLIST_FILE = YES;
				INFOPLIST_FILE = Coffee/Info.plist;
				INFOPLIST_KEY_UIApplicationSupportsIndirectInputEvents = YES;
				INFOPLIST_KEY_UILaunchStoryboardName = LaunchScreen;
				INFOPLIST_KEY_UIMainStoryboardFile = Main;
				INFOPLIST_KEY_UISupportedInterfaceOrientations_iPad = "UIInterfaceOrientationPortrait UIInterfaceOrientationPortraitUpsideDown UIInterfaceOrientationLandscapeLeft UIInterfaceOrientationLandscapeRight";
				INFOPLIST_KEY_UISupportedInterfaceOrientations_iPhone = "UIInterfaceOrientationPortrait UIInterfaceOrientationLandscapeLeft UIInterfaceOrientationLandscapeRight";
				IPHONEOS_DEPLOYMENT_TARGET = 17.0;
				LD_RUNPATH_SEARCH_PATHS = (
					"$(inherited)",
					"@executable_path/Frameworks",
				);
				MARKETING_VERSION = 1.0;
				PRODUCT_BUNDLE_IDENTIFIER = com.sci.coffee;
				PRODUCT_NAME = "$(TARGET_NAME)";
				SWIFT_EMIT_LOC_STRINGS = YES;
				SWIFT_VERSION = 5.0;
				TARGETED_DEVICE_FAMILY = "1,2";
			};
			name = Debug;
		};
		FEEABF2C2C6002EA0089CB35 /* Release */ = {
			isa = XCBuildConfiguration;
			buildSettings = {
				ASSETCATALOG_COMPILER_APPICON_NAME = AppIcon;
				ASSETCATALOG_COMPILER_GLOBAL_ACCENT_COLOR_NAME = AccentColor;
				CODE_SIGN_STYLE = Automatic;
				CURRENT_PROJECT_VERSION = 1;
				GENERATE_INFOPLIST_FILE = YES;
				INFOPLIST_FILE = Coffee/Info.plist;
				INFOPLIST_KEY_UIApplicationSupportsIndirectInputEvents = YES;
				INFOPLIST_KEY_UILaunchStoryboardName = LaunchScreen;
				INFOPLIST_KEY_UIMainStoryboardFile = Main;
				INFOPLIST_KEY_UISupportedInterfaceOrientations_iPad = "UIInterfaceOrientationPortrait UIInterfaceOrientationPortraitUpsideDown UIInterfaceOrientationLandscapeLeft UIInterfaceOrientationLandscapeRight";
				INFOPLIST_KEY_UISupportedInterfaceOrientations_iPhone = "UIInterfaceOrientationPortrait UIInterfaceOrientationLandscapeLeft UIInterfaceOrientationLandscapeRight";
				IPHONEOS_DEPLOYMENT_TARGET = 17.0;
				LD_RUNPATH_SEARCH_PATHS = (
					"$(inherited)",
					"@executable_path/Frameworks",
				);
				MARKETING_VERSION = 1.0;
				PRODUCT_BUNDLE_IDENTIFIER = com.sci.coffee;
				PRODUCT_NAME = "$(TARGET_NAME)";
				SWIFT_EMIT_LOC_STRINGS = YES;
				SWIFT_VERSION = 5.0;
				TARGETED_DEVICE_FAMILY = "1,2";
			};
			name = Release;
		};
/* End XCBuildConfiguration section */

/* Begin XCConfigurationList section */
		FEEABF112C6002E80089CB35 /* Build configuration list for PBXProject "Coffee" */ = {
			isa = XCConfigurationList;
			buildConfigurations = (
				FEEABF282C6002EA0089CB35 /* Debug */,
				FEEABF292C6002EA0089CB35 /* Release */,
			);
			defaultConfigurationIsVisible = 0;
			defaultConfigurationName = Release;
		};
		FEEABF2A2C6002EA0089CB35 /* Build configuration list for PBXNativeTarget "Coffee" */ = {
			isa = XCConfigurationList;
			buildConfigurations = (
				FEEABF2B2C6002EA0089CB35 /* Debug */,
				FEEABF2C2C6002EA0089CB35 /* Release */,
			);
			defaultConfigurationIsVisible = 0;
			defaultConfigurationName = Release;
		};
/* End XCConfigurationList section */

/* Begin XCRemoteSwiftPackageReference section */
		FEEABF2D2C60031F0089CB35 /* XCRemoteSwiftPackageReference "IQKeyboardManager" */ = {
			isa = XCRemoteSwiftPackageReference;
			repositoryURL = "https://github.com/hackiftekhar/IQKeyboardManager.git";
			requirement = {
				kind = upToNextMajorVersion;
				minimumVersion = 7.1.1;
			};
		};
/* End XCRemoteSwiftPackageReference section */

/* Begin XCSwiftPackageProductDependency section */
		FEEABF2E2C60031F0089CB35 /* IQKeyboardManagerSwift */ = {
			isa = XCSwiftPackageProductDependency;
			package = FEEABF2D2C60031F0089CB35 /* XCRemoteSwiftPackageReference "IQKeyboardManager" */;
			productName = IQKeyboardManagerSwift;
		};
/* End XCSwiftPackageProductDependency section */
	};
	rootObject = FEEABF0E2C6002E80089CB35 /* Project object */;
}
